// !$*UTF8*$!
{
	archiveVersion = 1;
	classes = {
	};
	objectVersion = 46;
	objects = {

/* Begin PBXBuildFile section */
		744E18A91C7408600031D59A /* AppDelegate.swift in Sources */ = {isa = PBXBuildFile; fileRef = 744E18A81C7408600031D59A /* AppDelegate.swift */; };
		744E18AB1C7408600031D59A /* ViewController.swift in Sources */ = {isa = PBXBuildFile; fileRef = 744E18AA1C7408600031D59A /* ViewController.swift */; };
		744E18AE1C7408600031D59A /* Main.storyboard in Resources */ = {isa = PBXBuildFile; fileRef = 744E18AC1C7408600031D59A /* Main.storyboard */; };
		744E18B01C7408600031D59A /* Assets.xcassets in Resources */ = {isa = PBXBuildFile; fileRef = 744E18AF1C7408600031D59A /* Assets.xcassets */; };
		744E18B31C7408600031D59A /* LaunchScreen.storyboard in Resources */ = {isa = PBXBuildFile; fileRef = 744E18B11C7408600031D59A /* LaunchScreen.storyboard */; };
		744E18BE1C7408600031D59A /* GitXcodeDemoTests.swift in Sources */ = {isa = PBXBuildFile; fileRef = 744E18BD1C7408600031D59A /* GitXcodeDemoTests.swift */; };
		744E18C91C7408600031D59A /* GitXcodeDemoUITests.swift in Sources */ = {isa = PBXBuildFile; fileRef = 744E18C81C7408600031D59A /* GitXcodeDemoUITests.swift */; };
/* End PBXBuildFile section */

/* Begin PBXContainerItemProxy section */
		744E18BA1C7408600031D59A /* PBXContainerItemProxy */ = {
			isa = PBXContainerItemProxy;
			containerPortal = 744E189D1C7408600031D59A /* Project object */;
			proxyType = 1;
			remoteGlobalIDString = 744E18A41C7408600031D59A;
			remoteInfo = GitXcodeDemo;
		};
		744E18C51C7408600031D59A /* PBXContainerItemProxy */ = {
			isa = PBXContainerItemProxy;
			containerPortal = 744E189D1C7408600031D59A /* Project object */;
			proxyType = 1;
			remoteGlobalIDString = 744E18A41C7408600031D59A;
			remoteInfo = GitXcodeDemo;
		};
/* End PBXContainerItemProxy section */

/* Begin PBXFileReference section */
		744E18A51C7408600031D59A /* GitXcodeDemo.app */ = {isa = PBXFileReference; explicitFileType = wrapper.application; includeInIndex = 0; path = GitXcodeDemo.app; sourceTree = BUILT_PRODUCTS_DIR; };
		744E18A81C7408600031D59A /* AppDelegate.swift */ = {isa = PBXFileReference; lastKnownFileType = sourcecode.swift; path = AppDelegate.swift; sourceTree = "<group>"; };
		744E18AA1C7408600031D59A /* ViewController.swift */ = {isa = PBXFileReference; lastKnownFileType = sourcecode.swift; path = ViewController.swift; sourceTree = "<group>"; };
		744E18AD1C7408600031D59A /* Base */ = {isa = PBXFileReference; lastKnownFileType = file.storyboard; name = Base; path = Base.lproj/Main.storyboard; sourceTree = "<group>"; };
		744E18AF1C7408600031D59A /* Assets.xcassets */ = {isa = PBXFileReference; lastKnownFileType = folder.assetcatalog; path = Assets.xcassets; sourceTree = "<group>"; };
		744E18B21C7408600031D59A /* Base */ = {isa = PBXFileReference; lastKnownFileType = file.storyboard; name = Base; path = Base.lproj/LaunchScreen.storyboard; sourceTree = "<group>"; };
		744E18B41C7408600031D59A /* Info.plist */ = {isa = PBXFileReference; lastKnownFileType = text.plist.xml; path = Info.plist; sourceTree = "<group>"; };
		744E18B91C7408600031D59A /* GitXcodeDemoTests.xctest */ = {isa = PBXFileReference; explicitFileType = wrapper.cfbundle; includeInIndex = 0; path = GitXcodeDemoTests.xctest; sourceTree = BUILT_PRODUCTS_DIR; };
		744E18BD1C7408600031D59A /* GitXcodeDemoTests.swift */ = {isa = PBXFileReference; lastKnownFileType = sourcecode.swift; path = GitXcodeDemoTests.swift; sourceTree = "<group>"; };
		744E18BF1C7408600031D59A /* Info.plist */ = {isa = PBXFileReference; lastKnownFileType = text.plist.xml; path = Info.plist; sourceTree = "<group>"; };
		744E18C41C7408600031D59A /* GitXcodeDemoUITests.xctest */ = {isa = PBXFileReference; explicitFileType = wrapper.cfbundle; includeInIndex = 0; path = GitXcodeDemoUITests.xctest; sourceTree = BUILT_PRODUCTS_DIR; };
		744E18C81C7408600031D59A /* GitXcodeDemoUITests.swift */ = {isa = PBXFileReference; lastKnownFileType = sourcecode.swift; path = GitXcodeDemoUITests.swift; sourceTree = "<group>"; };
		744E18CA1C7408600031D59A /* Info.plist */ = {isa = PBXFileReference; lastKnownFileType = text.plist.xml; path = Info.plist; sourceTree = "<group>"; };
/* End PBXFileReference section */

/* Begin PBXFrameworksBuildPhase section */
		744E18A21C7408600031D59A /* Frameworks */ = {
			isa = PBXFrameworksBuildPhase;
			buildActionMask = 2147483647;
			files = (
			);
			runOnlyForDeploymentPostprocessing = 0;
		};
		744E18B61C7408600031D59A /* Frameworks */ = {
			isa = PBXFrameworksBuildPhase;
			buildActionMask = 2147483647;
			files = (
			);
			runOnlyForDeploymentPostprocessing = 0;
		};
		744E18C11C7408600031D59A /* Frameworks */ = {
			isa = PBXFrameworksBuildPhase;
			buildActionMask = 2147483647;
			files = (
			);
			runOnlyForDeploymentPostprocessing = 0;
		};
/* End PBXFrameworksBuildPhase section */

/* Begin PBXGroup section */
		744E189C1C7408600031D59A = {
			isa = PBXGroup;
			children = (
				744E18A71C7408600031D59A /* GitXcodeDemo */,
				744E18BC1C7408600031D59A /* GitXcodeDemoTests */,
				744E18C71C7408600031D59A /* GitXcodeDemoUITests */,
				744E18A61C7408600031D59A /* Products */,
			);
			sourceTree = "<group>";
		};
		744E18A61C7408600031D59A /* Products */ = {
			isa = PBXGroup;
			children = (
				744E18A51C7408600031D59A /* GitXcodeDemo.app */,
				744E18B91C7408600031D59A /* GitXcodeDemoTests.xctest */,
				744E18C41C7408600031D59A /* GitXcodeDemoUITests.xctest */,
			);
			name = Products;
			sourceTree = "<group>";
		};
		744E18A71C7408600031D59A /* GitXcodeDemo */ = {
			isa = PBXGroup;
			children = (
				744E18A81C7408600031D59A /* AppDelegate.swift */,
				744E18AA1C7408600031D59A /* ViewController.swift */,
				744E18AC1C7408600031D59A /* Main.storyboard */,
				744E18AF1C7408600031D59A /* Assets.xcassets */,
				744E18B11C7408600031D59A /* LaunchScreen.storyboard */,
				744E18B41C7408600031D59A /* Info.plist */,
			);
			path = GitXcodeDemo;
			sourceTree = "<group>";
		};
		744E18BC1C7408600031D59A /* GitXcodeDemoTests */ = {
			isa = PBXGroup;
			children = (
				744E18BD1C7408600031D59A /* GitXcodeDemoTests.swift */,
				744E18BF1C7408600031D59A /* Info.plist */,
			);
			path = GitXcodeDemoTests;
			sourceTree = "<group>";
		};
		744E18C71C7408600031D59A /* GitXcodeDemoUITests */ = {
			isa = PBXGroup;
			children = (
				744E18C81C7408600031D59A /* GitXcodeDemoUITests.swift */,
				744E18CA1C7408600031D59A /* Info.plist */,
			);
			path = GitXcodeDemoUITests;
			sourceTree = "<group>";
		};
/* End PBXGroup section */

/* Begin PBXNativeTarget section */
		744E18A41C7408600031D59A /* GitXcodeDemo */ = {
			isa = PBXNativeTarget;
			buildConfigurationList = 744E18CD1C7408600031D59A /* Build configuration list for PBXNativeTarget "GitXcodeDemo" */;
			buildPhases = (
				744E18A11C7408600031D59A /* Sources */,
				744E18A21C7408600031D59A /* Frameworks */,
				744E18A31C7408600031D59A /* Resources */,
			);
			buildRules = (
			);
			dependencies = (
			);
			name = GitXcodeDemo;
			productName = GitXcodeDemo;
			productReference = 744E18A51C7408600031D59A /* GitXcodeDemo.app */;
			productType = "com.apple.product-type.application";
		};
		744E18B81C7408600031D59A /* GitXcodeDemoTests */ = {
			isa = PBXNativeTarget;
			buildConfigurationList = 744E18D01C7408600031D59A /* Build configuration list for PBXNativeTarget "GitXcodeDemoTests" */;
			buildPhases = (
				744E18B51C7408600031D59A /* Sources */,
				744E18B61C7408600031D59A /* Frameworks */,
				744E18B71C7408600031D59A /* Resources */,
			);
			buildRules = (
			);
			dependencies = (
				744E18BB1C7408600031D59A /* PBXTargetDependency */,
			);
			name = GitXcodeDemoTests;
			productName = GitXcodeDemoTests;
			productReference = 744E18B91C7408600031D59A /* GitXcodeDemoTests.xctest */;
			productType = "com.apple.product-type.bundle.unit-test";
		};
		744E18C31C7408600031D59A /* GitXcodeDemoUITests */ = {
			isa = PBXNativeTarget;
			buildConfigurationList = 744E18D31C7408600031D59A /* Build configuration list for PBXNativeTarget "GitXcodeDemoUITests" */;
			buildPhases = (
				744E18C01C7408600031D59A /* Sources */,
				744E18C11C7408600031D59A /* Frameworks */,
				744E18C21C7408600031D59A /* Resources */,
			);
			buildRules = (
			);
			dependencies = (
				744E18C61C7408600031D59A /* PBXTargetDependency */,
			);
			name = GitXcodeDemoUITests;
			productName = GitXcodeDemoUITests;
			productReference = 744E18C41C7408600031D59A /* GitXcodeDemoUITests.xctest */;
			productType = "com.apple.product-type.bundle.ui-testing";
		};
/* End PBXNativeTarget section */

/* Begin PBXProject section */
		744E189D1C7408600031D59A /* Project object */ = {
			isa = PBXProject;
			attributes = {
				LastSwiftUpdateCheck = 0710;
				LastUpgradeCheck = 0710;
				ORGANIZATIONNAME = "Tomson Xu";
				TargetAttributes = {
					744E18A41C7408600031D59A = {
						CreatedOnToolsVersion = 7.1;
					};
					744E18B81C7408600031D59A = {
						CreatedOnToolsVersion = 7.1;
						TestTargetID = 744E18A41C7408600031D59A;
					};
					744E18C31C7408600031D59A = {
						CreatedOnToolsVersion = 7.1;
						TestTargetID = 744E18A41C7408600031D59A;
					};
				};
			};
			buildConfigurationList = 744E18A01C7408600031D59A /* Build configuration list for PBXProject "GitXcodeDemo" */;
			compatibilityVersion = "Xcode 3.2";
			developmentRegion = English;
			hasScannedForEncodings = 0;
			knownRegions = (
				en,
				Base,
			);
			mainGroup = 744E189C1C7408600031D59A;
			productRefGroup = 744E18A61C7408600031D59A /* Products */;
			projectDirPath = "";
			projectRoot = "";
			targets = (
				744E18A41C7408600031D59A /* GitXcodeDemo */,
				744E18B81C7408600031D59A /* GitXcodeDemoTests */,
				744E18C31C7408600031D59A /* GitXcodeDemoUITests */,
			);
		};
/* End PBXProject section */

/* Begin PBXResourcesBuildPhase section */
		744E18A31C7408600031D59A /* Resources */ = {
			isa = PBXResourcesBuildPhase;
			buildActionMask = 2147483647;
			files = (
				744E18B31C7408600031D59A /* LaunchScreen.storyboard in Resources */,
				744E18B01C7408600031D59A /* Assets.xcassets in Resources */,
				744E18AE1C7408600031D59A /* Main.storyboard in Resources */,
			);
			runOnlyForDeploymentPostprocessing = 0;
		};
		744E18B71C7408600031D59A /* Resources */ = {
			isa = PBXResourcesBuildPhase;
			buildActionMask = 2147483647;
			files = (
			);
			runOnlyForDeploymentPostprocessing = 0;
		};
		744E18C21C7408600031D59A /* Resources */ = {
			isa = PBXResourcesBuildPhase;
			buildActionMask = 2147483647;
			files = (
			);
			runOnlyForDeploymentPostprocessing = 0;
		};
/* End PBXResourcesBuildPhase section */

/* Begin PBXSourcesBuildPhase section */
		744E18A11C7408600031D59A /* Sources */ = {
			isa = PBXSourcesBuildPhase;
			buildActionMask = 2147483647;
			files = (
				744E18AB1C7408600031D59A /* ViewController.swift in Sources */,
				744E18A91C7408600031D59A /* AppDelegate.swift in Sources */,
			);
			runOnlyForDeploymentPostprocessing = 0;
		};
		744E18B51C7408600031D59A /* Sources */ = {
			isa = PBXSourcesBuildPhase;
			buildActionMask = 2147483647;
			files = (
				744E18BE1C7408600031D59A /* GitXcodeDemoTests.swift in Sources */,
			);
			runOnlyForDeploymentPostprocessing = 0;
		};
		744E18C01C7408600031D59A /* Sources */ = {
			isa = PBXSourcesBuildPhase;
			buildActionMask = 2147483647;
			files = (
				744E18C91C7408600031D59A /* GitXcodeDemoUITests.swift in Sources */,
			);
			runOnlyForDeploymentPostprocessing = 0;
		};
/* End PBXSourcesBuildPhase section */

/* Begin PBXTargetDependency section */
		744E18BB1C7408600031D59A /* PBXTargetDependency */ = {
			isa = PBXTargetDependency;
			target = 744E18A41C7408600031D59A /* GitXcodeDemo */;
			targetProxy = 744E18BA1C7408600031D59A /* PBXContainerItemProxy */;
		};
		744E18C61C7408600031D59A /* PBXTargetDependency */ = {
			isa = PBXTargetDependency;
			target = 744E18A41C7408600031D59A /* GitXcodeDemo */;
			targetProxy = 744E18C51C7408600031D59A /* PBXContainerItemProxy */;
		};
/* End PBXTargetDependency section */

/* Begin PBXVariantGroup section */
		744E18AC1C7408600031D59A /* Main.storyboard */ = {
			isa = PBXVariantGroup;
			children = (
				744E18AD1C7408600031D59A /* Base */,
			);
			name = Main.storyboard;
			sourceTree = "<group>";
		};
		744E18B11C7408600031D59A /* LaunchScreen.storyboard */ = {
			isa = PBXVariantGroup;
			children = (
				744E18B21C7408600031D59A /* Base */,
			);
			name = LaunchScreen.storyboard;
			sourceTree = "<group>";
		};
/* End PBXVariantGroup section */

/* Begin XCBuildConfiguration section */
		744E18CB1C7408600031D59A /* Debug */ = {
			isa = XCBuildConfiguration;
			buildSettings = {
				ALWAYS_SEARCH_USER_PATHS = NO;
				CLANG_CXX_LANGUAGE_STANDARD = "gnu++0x";
				CLANG_CXX_LIBRARY = "libc++";
				CLANG_ENABLE_MODULES = YES;
				CLANG_ENABLE_OBJC_ARC = YES;
				CLANG_WARN_BOOL_CONVERSION = YES;
				CLANG_WARN_CONSTANT_CONVERSION = YES;
				CLANG_WARN_DIRECT_OBJC_ISA_USAGE = YES_ERROR;
				CLANG_WARN_EMPTY_BODY = YES;
				CLANG_WARN_ENUM_CONVERSION = YES;
				CLANG_WARN_INT_CONVERSION = YES;
				CLANG_WARN_OBJC_ROOT_CLASS = YES_ERROR;
				CLANG_WARN_UNREACHABLE_CODE = YES;
				CLANG_WARN__DUPLICATE_METHOD_MATCH = YES;
				"CODE_SIGN_IDENTITY[sdk=iphoneos*]" = "iPhone Developer";
				COPY_PHASE_STRIP = NO;
				DEBUG_INFORMATION_FORMAT = dwarf;
				ENABLE_STRICT_OBJC_MSGSEND = YES;
				ENABLE_TESTABILITY = YES;
				GCC_C_LANGUAGE_STANDARD = gnu99;
				GCC_DYNAMIC_NO_PIC = NO;
				GCC_NO_COMMON_BLOCKS = YES;
				GCC_OPTIMIZATION_LEVEL = 0;
				GCC_PREPROCESSOR_DEFINITIONS = (
					"DEBUG=1",
					"$(inherited)",
				);
				GCC_WARN_64_TO_32_BIT_CONVERSION = YES;
				GCC_WARN_ABOUT_RETURN_TYPE = YES_ERROR;
				GCC_WARN_UNDECLARED_SELECTOR = YES;
				GCC_WARN_UNINITIALIZED_AUTOS = YES_AGGRESSIVE;
				GCC_WARN_UNUSED_FUNCTION = YES;
				GCC_WARN_UNUSED_VARIABLE = YES;
				IPHONEOS_DEPLOYMENT_TARGET = 9.1;
				MTL_ENABLE_DEBUG_INFO = YES;
				ONLY_ACTIVE_ARCH = YES;
				SDKROOT = iphoneos;
				SWIFT_OPTIMIZATION_LEVEL = "-Onone";
			};
			name = Debug;
		};
		744E18CC1C7408600031D59A /* Release */ = {
			isa = XCBuildConfiguration;
			buildSettings = {
				ALWAYS_SEARCH_USER_PATHS = NO;
				CLANG_CXX_LANGUAGE_STANDARD = "gnu++0x";
				CLANG_CXX_LIBRARY = "libc++";
				CLANG_ENABLE_MODULES = YES;
				CLANG_ENABLE_OBJC_ARC = YES;
				CLANG_WARN_BOOL_CONVERSION = YES;
				CLANG_WARN_CONSTANT_CONVERSION = YES;
				CLANG_WARN_DIRECT_OBJC_ISA_USAGE = YES_ERROR;
				CLANG_WARN_EMPTY_BODY = YES;
				CLANG_WARN_ENUM_CONVERSION = YES;
				CLANG_WARN_INT_CONVERSION = YES;
				CLANG_WARN_OBJC_ROOT_CLASS = YES_ERROR;
				CLANG_WARN_UNREACHABLE_CODE = YES;
				CLANG_WARN__DUPLICATE_METHOD_MATCH = YES;
				"CODE_SIGN_IDENTITY[sdk=iphoneos*]" = "iPhone Developer";
				COPY_PHASE_STRIP = NO;
				DEBUG_INFORMATION_FORMAT = "dwarf-with-dsym";
				ENABLE_NS_ASSERTIONS = NO;
				ENABLE_STRICT_OBJC_MSGSEND = YES;
				GCC_C_LANGUAGE_STANDARD = gnu99;
				GCC_NO_COMMON_BLOCKS = YES;
				GCC_WARN_64_TO_32_BIT_CONVERSION = YES;
				GCC_WARN_ABOUT_RETURN_TYPE = YES_ERROR;
				GCC_WARN_UNDECLARED_SELECTOR = YES;
				GCC_WARN_UNINITIALIZED_AUTOS = YES_AGGRESSIVE;
				GCC_WARN_UNUSED_FUNCTION = YES;
				GCC_WARN_UNUSED_VARIABLE = YES;
				IPHONEOS_DEPLOYMENT_TARGET = 9.1;
				MTL_ENABLE_DEBUG_INFO = NO;
				SDKROOT = iphoneos;
				VALIDATE_PRODUCT = YES;
			};
			name = Release;
		};
		744E18CE1C7408600031D59A /* Debug */ = {
			isa = XCBuildConfiguration;
			buildSettings = {
				ASSETCATALOG_COMPILER_APPICON_NAME = AppIcon;
				INFOPLIST_FILE = GitXcodeDemo/Info.plist;
				LD_RUNPATH_SEARCH_PATHS = "$(inherited) @executable_path/Frameworks";
				PRODUCT_BUNDLE_IDENTIFIER = hk.cityu.edu.mobile.GitXcodeDemo;
				PRODUCT_NAME = "$(TARGET_NAME)";
			};
			name = Debug;
		};
		744E18CF1C7408600031D59A /* Release */ = {
			isa = XCBuildConfiguration;
			buildSettings = {
				ASSETCATALOG_COMPILER_APPICON_NAME = AppIcon;
				INFOPLIST_FILE = GitXcodeDemo/Info.plist;
				LD_RUNPATH_SEARCH_PATHS = "$(inherited) @executable_path/Frameworks";
				PRODUCT_BUNDLE_IDENTIFIER = hk.cityu.edu.mobile.GitXcodeDemo;
				PRODUCT_NAME = "$(TARGET_NAME)";
			};
			name = Release;
		};
		744E18D11C7408600031D59A /* Debug */ = {
			isa = XCBuildConfiguration;
			buildSettings = {
				BUNDLE_LOADER = "$(TEST_HOST)";
				INFOPLIST_FILE = GitXcodeDemoTests/Info.plist;
				LD_RUNPATH_SEARCH_PATHS = "$(inherited) @executable_path/Frameworks @loader_path/Frameworks";
				PRODUCT_BUNDLE_IDENTIFIER = hk.cityu.edu.mobile.GitXcodeDemoTests;
				PRODUCT_NAME = "$(TARGET_NAME)";
				TEST_HOST = "$(BUILT_PRODUCTS_DIR)/GitXcodeDemo.app/GitXcodeDemo";
			};
			name = Debug;
		};
		744E18D21C7408600031D59A /* Release */ = {
			isa = XCBuildConfiguration;
			buildSettings = {
				BUNDLE_LOADER = "$(TEST_HOST)";
				INFOPLIST_FILE = GitXcodeDemoTests/Info.plist;
				LD_RUNPATH_SEARCH_PATHS = "$(inherited) @executable_path/Frameworks @loader_path/Frameworks";
				PRODUCT_BUNDLE_IDENTIFIER = hk.cityu.edu.mobile.GitXcodeDemoTests;
				PRODUCT_NAME = "$(TARGET_NAME)";
				TEST_HOST = "$(BUILT_PRODUCTS_DIR)/GitXcodeDemo.app/GitXcodeDemo";
			};
			name = Release;
		};
		744E18D41C7408600031D59A /* Debug */ = {
			isa = XCBuildConfiguration;
			buildSettings = {
				INFOPLIST_FILE = GitXcodeDemoUITests/Info.plist;
				LD_RUNPATH_SEARCH_PATHS = "$(inherited) @executable_path/Frameworks @loader_path/Frameworks";
				PRODUCT_BUNDLE_IDENTIFIER = hk.cityu.edu.mobile.GitXcodeDemoUITests;
				PRODUCT_NAME = "$(TARGET_NAME)";
				TEST_TARGET_NAME = GitXcodeDemo;
				USES_XCTRUNNER = YES;
			};
			name = Debug;
		};
		744E18D51C7408600031D59A /* Release */ = {
			isa = XCBuildConfiguration;
			buildSettings = {
				INFOPLIST_FILE = GitXcodeDemoUITests/Info.plist;
				LD_RUNPATH_SEARCH_PATHS = "$(inherited) @executable_path/Frameworks @loader_path/Frameworks";
				PRODUCT_BUNDLE_IDENTIFIER = hk.cityu.edu.mobile.GitXcodeDemoUITests;
				PRODUCT_NAME = "$(TARGET_NAME)";
				TEST_TARGET_NAME = GitXcodeDemo;
				USES_XCTRUNNER = YES;
			};
			name = Release;
		};
/* End XCBuildConfiguration section */

/* Begin XCConfigurationList section */
		744E18A01C7408600031D59A /* Build configuration list for PBXProject "GitXcodeDemo" */ = {
			isa = XCConfigurationList;
			buildConfigurations = (
				744E18CB1C7408600031D59A /* Debug */,
				744E18CC1C7408600031D59A /* Release */,
			);
			defaultConfigurationIsVisible = 0;
			defaultConfigurationName = Release;
		};
		744E18CD1C7408600031D59A /* Build configuration list for PBXNativeTarget "GitXcodeDemo" */ = {
			isa = XCConfigurationList;
			buildConfigurations = (
				744E18CE1C7408600031D59A /* Debug */,
				744E18CF1C7408600031D59A /* Release */,
			);
			defaultConfigurationIsVisible = 0;
		};
		744E18D01C7408600031D59A /* Build configuration list for PBXNativeTarget "GitXcodeDemoTests" */ = {
			isa = XCConfigurationList;
			buildConfigurations = (
				744E18D11C7408600031D59A /* Debug */,
				744E18D21C7408600031D59A /* Release */,
			);
			defaultConfigurationIsVisible = 0;
		};
		744E18D31C7408600031D59A /* Build configuration list for PBXNativeTarget "GitXcodeDemoUITests" */ = {
			isa = XCConfigurationList;
			buildConfigurations = (
				744E18D41C7408600031D59A /* Debug */,
				744E18D51C7408600031D59A /* Release */,
			);
			defaultConfigurationIsVisible = 0;
		};
/* End XCConfigurationList section */
	};
	rootObject = 744E189D1C7408600031D59A /* Project object */;
}
